
Microsoft Visual Studio Solution File, Format Version 12.00
# Visual Studio Version 17
VisualStudioVersion = 17.7.34202.233
MinimumVisualStudioVersion = 10.0.40219.1
Project("{2150E333-8FDC-42A3-9474-1A3956D46DE8}") = "Microservices", "Microservices", "{79FA9C10-01EC-40EC-8A0A-A27ADDD7A0EC}"
EndProject
Project("{2150E333-8FDC-42A3-9474-1A3956D46DE8}") = "RabbitLogic", "RabbitLogic", "{F946E54B-733D-4B7F-BB04-6BC34FAE4273}"
EndProject
Project("{2150E333-8FDC-42A3-9474-1A3956D46DE8}") = "Banking", "Banking", "{8B654426-F978-4992-B619-0F1BDAD8406F}"
EndProject
Project("{2150E333-8FDC-42A3-9474-1A3956D46DE8}") = "Transaction", "Transaction", "{FE31451D-633F-4C30-A9DE-8EBE68629112}"
EndProject
Project("{2150E333-8FDC-42A3-9474-1A3956D46DE8}") = "Data", "Data", "{86617C6E-5098-4BE6-9E1C-DAFE635E3A91}"
EndProject
Project("{2150E333-8FDC-42A3-9474-1A3956D46DE8}") = "Api", "Api", "{EE98B25D-D57E-41BA-9649-19A8CD9212AD}"
EndProject
Project("{2150E333-8FDC-42A3-9474-1A3956D46DE8}") = "Domain", "Domain", "{1DD9BCB9-CEA6-431B-8F2B-5CA740278963}"
EndProject
Project("{2150E333-8FDC-42A3-9474-1A3956D46DE8}") = "Api", "Api", "{2E61604E-6F92-4340-A8DB-F36666A1C288}"
EndProject
Project("{2150E333-8FDC-42A3-9474-1A3956D46DE8}") = "Data", "Data", "{D53C67B5-75D2-413E-8BA9-928D6DD90366}"
EndProject
Project("{2150E333-8FDC-42A3-9474-1A3956D46DE8}") = "Domain", "Domain", "{C11A679C-09EF-4936-B369-F6308F113DDC}"
EndProject
Project("{2150E333-8FDC-42A3-9474-1A3956D46DE8}") = "DependencyContainer", "DependencyContainer", "{AB53CBC1-0E22-4693-AF16-CCAF186486ED}"
EndProject
Project("{2150E333-8FDC-42A3-9474-1A3956D46DE8}") = "Domain", "Domain", "{DD8BAF63-7085-455A-9DE7-C1BD712F6547}"
EndProject
Project("{2150E333-8FDC-42A3-9474-1A3956D46DE8}") = "Bus", "Bus", "{BE866673-019E-41D6-8904-4A2AB5A3E5C7}"
EndProject
Project("{9A19103F-16F7-4668-BE54-9A1E7A4F7556}") = "BankingApplication.Bus", "BankingApplication.Bus\BankingApplication.Bus.csproj", "{2993587D-06FC-48FE-8557-97E207E1FE3D}"
EndProject
Project("{9A19103F-16F7-4668-BE54-9A1E7A4F7556}") = "BankingApplicaton.Domain", "BankingApplicaton.Domain\BankingApplicaton.Domain.csproj", "{58655435-450C-498E-B9CE-5F46FCA80586}"
EndProject
Project("{9A19103F-16F7-4668-BE54-9A1E7A4F7556}") = "IoC", "IoC\IoC.csproj", "{1C2F119A-44DE-4E63-B1A4-57D28B4CC32F}"
EndProject
Project("{9A19103F-16F7-4668-BE54-9A1E7A4F7556}") = "BankingApi", "BankingApi\BankingApi.csproj", "{FE3123F4-BB5C-4F4D-AA04-115486F8E6F8}"
EndProject
Project("{9A19103F-16F7-4668-BE54-9A1E7A4F7556}") = "BankingData", "BankingData\BankingData.csproj", "{7D470F26-FA7B-4715-B34C-B34CE67547E8}"
EndProject
Project("{2150E333-8FDC-42A3-9474-1A3956D46DE8}") = "Docker", "Docker", "{C5512824-A757-4A46-8826-C2B07F92A1F3}"
	ProjectSection(SolutionItems) = preProject
		docker-compose.yml = docker-compose.yml
	EndProjectSection
EndProject
Project("{9A19103F-16F7-4668-BE54-9A1E7A4F7556}") = "BankingApplication.Banking.Domain", "BankingApplication.Banking.Domain\BankingApplication.Banking.Domain.csproj", "{914EE922-76C9-4372-8CAE-65CCE8DE9B57}"
EndProject
Project("{FAE04EC0-301F-11D3-BF4B-00C04F79EFBC}") = "TransactonApi", "TransactonApi\TransactonApi.csproj", "{DA8FBDB1-D848-4649-AF94-6A74CB02944A}"
EndProject
Project("{FAE04EC0-301F-11D3-BF4B-00C04F79EFBC}") = "TransactionData", "TransactionData\TransactionData.csproj", "{27173D6A-14DE-4272-BEA9-42219A72C197}"
EndProject
Project("{FAE04EC0-301F-11D3-BF4B-00C04F79EFBC}") = "BankingApplication.Transaction.Domain", "BankingApplication.Transaction.Domain\BankingApplication.Transaction.Domain.csproj", "{ECF0CE21-46DF-401D-87D6-C74EA7C8F13B}"
EndProject
Global
	GlobalSection(SolutionConfigurationPlatforms) = preSolution
		Debug|Any CPU = Debug|Any CPU
		Release|Any CPU = Release|Any CPU
	EndGlobalSection
	GlobalSection(ProjectConfigurationPlatforms) = postSolution
		{2993587D-06FC-48FE-8557-97E207E1FE3D}.Debug|Any CPU.ActiveCfg = Debug|Any CPU
		{2993587D-06FC-48FE-8557-97E207E1FE3D}.Debug|Any CPU.Build.0 = Debug|Any CPU
		{2993587D-06FC-48FE-8557-97E207E1FE3D}.Release|Any CPU.ActiveCfg = Release|Any CPU
		{2993587D-06FC-48FE-8557-97E207E1FE3D}.Release|Any CPU.Build.0 = Release|Any CPU
		{58655435-450C-498E-B9CE-5F46FCA80586}.Debug|Any CPU.ActiveCfg = Debug|Any CPU
		{58655435-450C-498E-B9CE-5F46FCA80586}.Debug|Any CPU.Build.0 = Debug|Any CPU
		{58655435-450C-498E-B9CE-5F46FCA80586}.Release|Any CPU.ActiveCfg = Release|Any CPU
		{58655435-450C-498E-B9CE-5F46FCA80586}.Release|Any CPU.Build.0 = Release|Any CPU
		{1C2F119A-44DE-4E63-B1A4-57D28B4CC32F}.Debug|Any CPU.ActiveCfg = Debug|Any CPU
		{1C2F119A-44DE-4E63-B1A4-57D28B4CC32F}.Debug|Any CPU.Build.0 = Debug|Any CPU
		{1C2F119A-44DE-4E63-B1A4-57D28B4CC32F}.Release|Any CPU.ActiveCfg = Release|Any CPU
		{1C2F119A-44DE-4E63-B1A4-57D28B4CC32F}.Release|Any CPU.Build.0 = Release|Any CPU
		{FE3123F4-BB5C-4F4D-AA04-115486F8E6F8}.Debug|Any CPU.ActiveCfg = Debug|Any CPU
		{FE3123F4-BB5C-4F4D-AA04-115486F8E6F8}.Debug|Any CPU.Build.0 = Debug|Any CPU
		{FE3123F4-BB5C-4F4D-AA04-115486F8E6F8}.Release|Any CPU.ActiveCfg = Release|Any CPU
		{FE3123F4-BB5C-4F4D-AA04-115486F8E6F8}.Release|Any CPU.Build.0 = Release|Any CPU
		{7D470F26-FA7B-4715-B34C-B34CE67547E8}.Debug|Any CPU.ActiveCfg = Debug|Any CPU
		{7D470F26-FA7B-4715-B34C-B34CE67547E8}.Debug|Any CPU.Build.0 = Debug|Any CPU
		{7D470F26-FA7B-4715-B34C-B34CE67547E8}.Release|Any CPU.ActiveCfg = Release|Any CPU
		{7D470F26-FA7B-4715-B34C-B34CE67547E8}.Release|Any CPU.Build.0 = Release|Any CPU
		{914EE922-76C9-4372-8CAE-65CCE8DE9B57}.Debug|Any CPU.ActiveCfg = Debug|Any CPU
		{914EE922-76C9-4372-8CAE-65CCE8DE9B57}.Debug|Any CPU.Build.0 = Debug|Any CPU
		{914EE922-76C9-4372-8CAE-65CCE8DE9B57}.Release|Any CPU.ActiveCfg = Release|Any CPU
		{914EE922-76C9-4372-8CAE-65CCE8DE9B57}.Release|Any CPU.Build.0 = Release|Any CPU
		{DA8FBDB1-D848-4649-AF94-6A74CB02944A}.Debug|Any CPU.ActiveCfg = Debug|Any CPU
		{DA8FBDB1-D848-4649-AF94-6A74CB02944A}.Debug|Any CPU.Build.0 = Debug|Any CPU
		{DA8FBDB1-D848-4649-AF94-6A74CB02944A}.Release|Any CPU.ActiveCfg = Release|Any CPU
		{DA8FBDB1-D848-4649-AF94-6A74CB02944A}.Release|Any CPU.Build.0 = Release|Any CPU
		{27173D6A-14DE-4272-BEA9-42219A72C197}.Debug|Any CPU.ActiveCfg = Debug|Any CPU
		{27173D6A-14DE-4272-BEA9-42219A72C197}.Debug|Any CPU.Build.0 = Debug|Any CPU
		{27173D6A-14DE-4272-BEA9-42219A72C197}.Release|Any CPU.ActiveCfg = Release|Any CPU
		{27173D6A-14DE-4272-BEA9-42219A72C197}.Release|Any CPU.Build.0 = Release|Any CPU
		{ECF0CE21-46DF-401D-87D6-C74EA7C8F13B}.Debug|Any CPU.ActiveCfg = Debug|Any CPU
		{ECF0CE21-46DF-401D-87D6-C74EA7C8F13B}.Debug|Any CPU.Build.0 = Debug|Any CPU
		{ECF0CE21-46DF-401D-87D6-C74EA7C8F13B}.Release|Any CPU.ActiveCfg = Release|Any CPU
		{ECF0CE21-46DF-401D-87D6-C74EA7C8F13B}.Release|Any CPU.Build.0 = Release|Any CPU
	EndGlobalSection
	GlobalSection(SolutionProperties) = preSolution
		HideSolutionNode = FALSE
	EndGlobalSection
	GlobalSection(NestedProjects) = preSolution
		{8B654426-F978-4992-B619-0F1BDAD8406F} = {79FA9C10-01EC-40EC-8A0A-A27ADDD7A0EC}
		{FE31451D-633F-4C30-A9DE-8EBE68629112} = {79FA9C10-01EC-40EC-8A0A-A27ADDD7A0EC}
		{86617C6E-5098-4BE6-9E1C-DAFE635E3A91} = {8B654426-F978-4992-B619-0F1BDAD8406F}
		{EE98B25D-D57E-41BA-9649-19A8CD9212AD} = {8B654426-F978-4992-B619-0F1BDAD8406F}
		{1DD9BCB9-CEA6-431B-8F2B-5CA740278963} = {8B654426-F978-4992-B619-0F1BDAD8406F}
		{2E61604E-6F92-4340-A8DB-F36666A1C288} = {FE31451D-633F-4C30-A9DE-8EBE68629112}
		{D53C67B5-75D2-413E-8BA9-928D6DD90366} = {FE31451D-633F-4C30-A9DE-8EBE68629112}
		{C11A679C-09EF-4936-B369-F6308F113DDC} = {FE31451D-633F-4C30-A9DE-8EBE68629112}
		{DD8BAF63-7085-455A-9DE7-C1BD712F6547} = {F946E54B-733D-4B7F-BB04-6BC34FAE4273}
		{BE866673-019E-41D6-8904-4A2AB5A3E5C7} = {F946E54B-733D-4B7F-BB04-6BC34FAE4273}
		{2993587D-06FC-48FE-8557-97E207E1FE3D} = {BE866673-019E-41D6-8904-4A2AB5A3E5C7}
		{58655435-450C-498E-B9CE-5F46FCA80586} = {DD8BAF63-7085-455A-9DE7-C1BD712F6547}
		{1C2F119A-44DE-4E63-B1A4-57D28B4CC32F} = {AB53CBC1-0E22-4693-AF16-CCAF186486ED}
		{FE3123F4-BB5C-4F4D-AA04-115486F8E6F8} = {EE98B25D-D57E-41BA-9649-19A8CD9212AD}
		{7D470F26-FA7B-4715-B34C-B34CE67547E8} = {86617C6E-5098-4BE6-9E1C-DAFE635E3A91}
		{914EE922-76C9-4372-8CAE-65CCE8DE9B57} = {1DD9BCB9-CEA6-431B-8F2B-5CA740278963}
		{DA8FBDB1-D848-4649-AF94-6A74CB02944A} = {2E61604E-6F92-4340-A8DB-F36666A1C288}
		{27173D6A-14DE-4272-BEA9-42219A72C197} = {D53C67B5-75D2-413E-8BA9-928D6DD90366}
		{ECF0CE21-46DF-401D-87D6-C74EA7C8F13B} = {C11A679C-09EF-4936-B369-F6308F113DDC}
	EndGlobalSection
	GlobalSection(ExtensibilityGlobals) = postSolution
		SolutionGuid = {BE0D3028-C5E5-46D9-9A75-571AE76F184A}
	EndGlobalSection
EndGlobal
